// !$*UTF8*$!
{
	archiveVersion = 1;
	classes = {
	};
	objectVersion = 46;
	objects = {

/* Begin PBXBuildFile section */
		564191B91C0AFA9800B390D6 /* AppDelegate.swift in Sources */ = {isa = PBXBuildFile; fileRef = 564191B81C0AFA9800B390D6 /* AppDelegate.swift */; };
		564191C11C0AFA9800B390D6 /* WannafixDemo.xcdatamodeld in Sources */ = {isa = PBXBuildFile; fileRef = 564191BF1C0AFA9800B390D6 /* WannafixDemo.xcdatamodeld */; };
		564191C31C0AFA9800B390D6 /* Assets.xcassets in Resources */ = {isa = PBXBuildFile; fileRef = 564191C21C0AFA9800B390D6 /* Assets.xcassets */; };
		564191C61C0AFA9800B390D6 /* LaunchScreen.storyboard in Resources */ = {isa = PBXBuildFile; fileRef = 564191C41C0AFA9800B390D6 /* LaunchScreen.storyboard */; };
		564191D11C0AFA9800B390D6 /* WannafixDemoTests.swift in Sources */ = {isa = PBXBuildFile; fileRef = 564191D01C0AFA9800B390D6 /* WannafixDemoTests.swift */; };
		564191DC1C0AFA9800B390D6 /* WannafixDemoUITests.swift in Sources */ = {isa = PBXBuildFile; fileRef = 564191DB1C0AFA9800B390D6 /* WannafixDemoUITests.swift */; };
		564191EA1C0AFB2100B390D6 /* Parse.framework in Frameworks */ = {isa = PBXBuildFile; fileRef = 564191E91C0AFB2100B390D6 /* Parse.framework */; };
		564191F01C0AFBBE00B390D6 /* SystemConfiguration.framework in Frameworks */ = {isa = PBXBuildFile; fileRef = 564191EF1C0AFBBE00B390D6 /* SystemConfiguration.framework */; };
		564191F21C0AFBC700B390D6 /* StoreKit.framework in Frameworks */ = {isa = PBXBuildFile; fileRef = 564191F11C0AFBC700B390D6 /* StoreKit.framework */; };
		564191F41C0AFBCE00B390D6 /* Security.framework in Frameworks */ = {isa = PBXBuildFile; fileRef = 564191F31C0AFBCE00B390D6 /* Security.framework */; };
		564191F61C0AFBD700B390D6 /* QuartzCore.framework in Frameworks */ = {isa = PBXBuildFile; fileRef = 564191F51C0AFBD600B390D6 /* QuartzCore.framework */; };
		564191F81C0AFBE200B390D6 /* MobileCoreServices.framework in Frameworks */ = {isa = PBXBuildFile; fileRef = 564191F71C0AFBE200B390D6 /* MobileCoreServices.framework */; };
		564191FA1C0AFBEF00B390D6 /* libz.tbd in Frameworks */ = {isa = PBXBuildFile; fileRef = 564191F91C0AFBEF00B390D6 /* libz.tbd */; };
		564191FC1C0AFBF800B390D6 /* CoreLocation.framework in Frameworks */ = {isa = PBXBuildFile; fileRef = 564191FB1C0AFBF800B390D6 /* CoreLocation.framework */; };
		564191FE1C0AFBFF00B390D6 /* CoreGraphics.framework in Frameworks */ = {isa = PBXBuildFile; fileRef = 564191FD1C0AFBFF00B390D6 /* CoreGraphics.framework */; };
		564192001C0AFC0800B390D6 /* CFNetwork.framework in Frameworks */ = {isa = PBXBuildFile; fileRef = 564191FF1C0AFC0800B390D6 /* CFNetwork.framework */; };
		564192021C0AFC1000B390D6 /* AudioToolbox.framework in Frameworks */ = {isa = PBXBuildFile; fileRef = 564192011C0AFC1000B390D6 /* AudioToolbox.framework */; };
		5641920C1C0AFC9400B390D6 /* GetUserItemsOperation.swift in Sources */ = {isa = PBXBuildFile; fileRef = 564192041C0AFC9400B390D6 /* GetUserItemsOperation.swift */; };
		5641920D1C0AFC9400B390D6 /* GetUserItemsOperation.swift in Sources */ = {isa = PBXBuildFile; fileRef = 564192041C0AFC9400B390D6 /* GetUserItemsOperation.swift */; };
		5641920E1C0AFC9400B390D6 /* ItemsFetchOperation.swift in Sources */ = {isa = PBXBuildFile; fileRef = 564192051C0AFC9400B390D6 /* ItemsFetchOperation.swift */; };
		5641920F1C0AFC9400B390D6 /* ItemsFetchOperation.swift in Sources */ = {isa = PBXBuildFile; fileRef = 564192051C0AFC9400B390D6 /* ItemsFetchOperation.swift */; };
		564192101C0AFC9400B390D6 /* ItemsViewController.swift in Sources */ = {isa = PBXBuildFile; fileRef = 564192061C0AFC9400B390D6 /* ItemsViewController.swift */; };
		564192111C0AFC9400B390D6 /* ItemsViewController.swift in Sources */ = {isa = PBXBuildFile; fileRef = 564192061C0AFC9400B390D6 /* ItemsViewController.swift */; };
		564192121C0AFC9400B390D6 /* ItemTableViewCell.swift in Sources */ = {isa = PBXBuildFile; fileRef = 564192071C0AFC9400B390D6 /* ItemTableViewCell.swift */; };
		564192131C0AFC9400B390D6 /* ItemTableViewCell.swift in Sources */ = {isa = PBXBuildFile; fileRef = 564192071C0AFC9400B390D6 /* ItemTableViewCell.swift */; };
		564192141C0AFC9400B390D6 /* LoginOperation.swift in Sources */ = {isa = PBXBuildFile; fileRef = 564192081C0AFC9400B390D6 /* LoginOperation.swift */; };
		564192151C0AFC9400B390D6 /* LoginOperation.swift in Sources */ = {isa = PBXBuildFile; fileRef = 564192081C0AFC9400B390D6 /* LoginOperation.swift */; };
		564192161C0AFC9400B390D6 /* LoginViewController.swift in Sources */ = {isa = PBXBuildFile; fileRef = 564192091C0AFC9400B390D6 /* LoginViewController.swift */; };
		564192171C0AFC9400B390D6 /* LoginViewController.swift in Sources */ = {isa = PBXBuildFile; fileRef = 564192091C0AFC9400B390D6 /* LoginViewController.swift */; };
		564192181C0AFC9400B390D6 /* Operation.swift in Sources */ = {isa = PBXBuildFile; fileRef = 5641920A1C0AFC9400B390D6 /* Operation.swift */; };
		564192191C0AFC9400B390D6 /* Operation.swift in Sources */ = {isa = PBXBuildFile; fileRef = 5641920A1C0AFC9400B390D6 /* Operation.swift */; };
		5641921A1C0AFC9400B390D6 /* UserModelManager.swift in Sources */ = {isa = PBXBuildFile; fileRef = 5641920B1C0AFC9400B390D6 /* UserModelManager.swift */; };
		5641921B1C0AFC9400B390D6 /* UserModelManager.swift in Sources */ = {isa = PBXBuildFile; fileRef = 5641920B1C0AFC9400B390D6 /* UserModelManager.swift */; };
		5641921D1C0AFCE800B390D6 /* Main.storyboard in Resources */ = {isa = PBXBuildFile; fileRef = 5641921C1C0AFCE800B390D6 /* Main.storyboard */; };
		5641921E1C0AFCE800B390D6 /* Main.storyboard in Resources */ = {isa = PBXBuildFile; fileRef = 5641921C1C0AFCE800B390D6 /* Main.storyboard */; };
/* End PBXBuildFile section */

/* Begin PBXContainerItemProxy section */
		564191CD1C0AFA9800B390D6 /* PBXContainerItemProxy */ = {
			isa = PBXContainerItemProxy;
			containerPortal = 564191AD1C0AFA9800B390D6 /* Project object */;
			proxyType = 1;
			remoteGlobalIDString = 564191B41C0AFA9800B390D6;
			remoteInfo = WannafixDemo;
		};
		564191D81C0AFA9800B390D6 /* PBXContainerItemProxy */ = {
			isa = PBXContainerItemProxy;
			containerPortal = 564191AD1C0AFA9800B390D6 /* Project object */;
			proxyType = 1;
			remoteGlobalIDString = 564191B41C0AFA9800B390D6;
			remoteInfo = WannafixDemo;
		};
/* End PBXContainerItemProxy section */

/* Begin PBXFileReference section */
		564191B51C0AFA9800B390D6 /* WannafixDemo.app */ = {isa = PBXFileReference; explicitFileType = wrapper.application; includeInIndex = 0; path = WannafixDemo.app; sourceTree = BUILT_PRODUCTS_DIR; };
		564191B81C0AFA9800B390D6 /* AppDelegate.swift */ = {isa = PBXFileReference; lastKnownFileType = sourcecode.swift; path = AppDelegate.swift; sourceTree = "<group>"; };
		564191C01C0AFA9800B390D6 /* WannafixDemo.xcdatamodel */ = {isa = PBXFileReference; lastKnownFileType = wrapper.xcdatamodel; path = WannafixDemo.xcdatamodel; sourceTree = "<group>"; };
		564191C21C0AFA9800B390D6 /* Assets.xcassets */ = {isa = PBXFileReference; lastKnownFileType = folder.assetcatalog; path = Assets.xcassets; sourceTree = "<group>"; };
		564191C51C0AFA9800B390D6 /* Base */ = {isa = PBXFileReference; lastKnownFileType = file.storyboard; name = Base; path = Base.lproj/LaunchScreen.storyboard; sourceTree = "<group>"; };
		564191C71C0AFA9800B390D6 /* Info.plist */ = {isa = PBXFileReference; lastKnownFileType = text.plist.xml; path = Info.plist; sourceTree = "<group>"; };
		564191CC1C0AFA9800B390D6 /* WannafixDemoTests.xctest */ = {isa = PBXFileReference; explicitFileType = wrapper.cfbundle; includeInIndex = 0; path = WannafixDemoTests.xctest; sourceTree = BUILT_PRODUCTS_DIR; };
		564191D01C0AFA9800B390D6 /* WannafixDemoTests.swift */ = {isa = PBXFileReference; lastKnownFileType = sourcecode.swift; path = WannafixDemoTests.swift; sourceTree = "<group>"; };
		564191D21C0AFA9800B390D6 /* Info.plist */ = {isa = PBXFileReference; lastKnownFileType = text.plist.xml; path = Info.plist; sourceTree = "<group>"; };
		564191D71C0AFA9800B390D6 /* WannafixDemoUITests.xctest */ = {isa = PBXFileReference; explicitFileType = wrapper.cfbundle; includeInIndex = 0; path = WannafixDemoUITests.xctest; sourceTree = BUILT_PRODUCTS_DIR; };
		564191DB1C0AFA9800B390D6 /* WannafixDemoUITests.swift */ = {isa = PBXFileReference; lastKnownFileType = sourcecode.swift; path = WannafixDemoUITests.swift; sourceTree = "<group>"; };
		564191DD1C0AFA9800B390D6 /* Info.plist */ = {isa = PBXFileReference; lastKnownFileType = text.plist.xml; path = Info.plist; sourceTree = "<group>"; };
		564191E91C0AFB2100B390D6 /* Parse.framework */ = {isa = PBXFileReference; lastKnownFileType = wrapper.framework; name = Parse.framework; path = WannafixDemo/Parse.framework; sourceTree = "<group>"; };
		564191EB1C0AFB4800B390D6 /* WannafixDemo-Bridging-Header.h */ = {isa = PBXFileReference; lastKnownFileType = sourcecode.c.h; path = "WannafixDemo-Bridging-Header.h"; sourceTree = "<group>"; };
		564191EF1C0AFBBE00B390D6 /* SystemConfiguration.framework */ = {isa = PBXFileReference; lastKnownFileType = wrapper.framework; name = SystemConfiguration.framework; path = System/Library/Frameworks/SystemConfiguration.framework; sourceTree = SDKROOT; };
		564191F11C0AFBC700B390D6 /* StoreKit.framework */ = {isa = PBXFileReference; lastKnownFileType = wrapper.framework; name = StoreKit.framework; path = System/Library/Frameworks/StoreKit.framework; sourceTree = SDKROOT; };
		564191F31C0AFBCE00B390D6 /* Security.framework */ = {isa = PBXFileReference; lastKnownFileType = wrapper.framework; name = Security.framework; path = System/Library/Frameworks/Security.framework; sourceTree = SDKROOT; };
		564191F51C0AFBD600B390D6 /* QuartzCore.framework */ = {isa = PBXFileReference; lastKnownFileType = wrapper.framework; name = QuartzCore.framework; path = System/Library/Frameworks/QuartzCore.framework; sourceTree = SDKROOT; };
		564191F71C0AFBE200B390D6 /* MobileCoreServices.framework */ = {isa = PBXFileReference; lastKnownFileType = wrapper.framework; name = MobileCoreServices.framework; path = System/Library/Frameworks/MobileCoreServices.framework; sourceTree = SDKROOT; };
		564191F91C0AFBEF00B390D6 /* libz.tbd */ = {isa = PBXFileReference; lastKnownFileType = "sourcecode.text-based-dylib-definition"; name = libz.tbd; path = usr/lib/libz.tbd; sourceTree = SDKROOT; };
		564191FB1C0AFBF800B390D6 /* CoreLocation.framework */ = {isa = PBXFileReference; lastKnownFileType = wrapper.framework; name = CoreLocation.framework; path = System/Library/Frameworks/CoreLocation.framework; sourceTree = SDKROOT; };
		564191FD1C0AFBFF00B390D6 /* CoreGraphics.framework */ = {isa = PBXFileReference; lastKnownFileType = wrapper.framework; name = CoreGraphics.framework; path = System/Library/Frameworks/CoreGraphics.framework; sourceTree = SDKROOT; };
		564191FF1C0AFC0800B390D6 /* CFNetwork.framework */ = {isa = PBXFileReference; lastKnownFileType = wrapper.framework; name = CFNetwork.framework; path = System/Library/Frameworks/CFNetwork.framework; sourceTree = SDKROOT; };
		564192011C0AFC1000B390D6 /* AudioToolbox.framework */ = {isa = PBXFileReference; lastKnownFileType = wrapper.framework; name = AudioToolbox.framework; path = System/Library/Frameworks/AudioToolbox.framework; sourceTree = SDKROOT; };
		564192041C0AFC9400B390D6 /* GetUserItemsOperation.swift */ = {isa = PBXFileReference; fileEncoding = 4; lastKnownFileType = sourcecode.swift; path = GetUserItemsOperation.swift; sourceTree = "<group>"; };
		564192051C0AFC9400B390D6 /* ItemsFetchOperation.swift */ = {isa = PBXFileReference; fileEncoding = 4; lastKnownFileType = sourcecode.swift; path = ItemsFetchOperation.swift; sourceTree = "<group>"; };
		564192061C0AFC9400B390D6 /* ItemsViewController.swift */ = {isa = PBXFileReference; fileEncoding = 4; lastKnownFileType = sourcecode.swift; path = ItemsViewController.swift; sourceTree = "<group>"; };
		564192071C0AFC9400B390D6 /* ItemTableViewCell.swift */ = {isa = PBXFileReference; fileEncoding = 4; lastKnownFileType = sourcecode.swift; path = ItemTableViewCell.swift; sourceTree = "<group>"; };
		564192081C0AFC9400B390D6 /* LoginOperation.swift */ = {isa = PBXFileReference; fileEncoding = 4; lastKnownFileType = sourcecode.swift; path = LoginOperation.swift; sourceTree = "<group>"; };
		564192091C0AFC9400B390D6 /* LoginViewController.swift */ = {isa = PBXFileReference; fileEncoding = 4; lastKnownFileType = sourcecode.swift; path = LoginViewController.swift; sourceTree = "<group>"; };
		5641920A1C0AFC9400B390D6 /* Operation.swift */ = {isa = PBXFileReference; fileEncoding = 4; lastKnownFileType = sourcecode.swift; path = Operation.swift; sourceTree = "<group>"; };
		5641920B1C0AFC9400B390D6 /* UserModelManager.swift */ = {isa = PBXFileReference; fileEncoding = 4; lastKnownFileType = sourcecode.swift; path = UserModelManager.swift; sourceTree = "<group>"; };
		5641921C1C0AFCE800B390D6 /* Main.storyboard */ = {isa = PBXFileReference; fileEncoding = 4; lastKnownFileType = file.storyboard; path = Main.storyboard; sourceTree = "<group>"; };
/* End PBXFileReference section */

/* Begin PBXFrameworksBuildPhase section */
		564191B21C0AFA9800B390D6 /* Frameworks */ = {
			isa = PBXFrameworksBuildPhase;
			buildActionMask = 2147483647;
			files = (
				564192021C0AFC1000B390D6 /* AudioToolbox.framework in Frameworks */,
				564192001C0AFC0800B390D6 /* CFNetwork.framework in Frameworks */,
				564191FE1C0AFBFF00B390D6 /* CoreGraphics.framework in Frameworks */,
				564191FC1C0AFBF800B390D6 /* CoreLocation.framework in Frameworks */,
				564191FA1C0AFBEF00B390D6 /* libz.tbd in Frameworks */,
				564191F81C0AFBE200B390D6 /* MobileCoreServices.framework in Frameworks */,
				564191F61C0AFBD700B390D6 /* QuartzCore.framework in Frameworks */,
				564191F41C0AFBCE00B390D6 /* Security.framework in Frameworks */,
				564191F21C0AFBC700B390D6 /* StoreKit.framework in Frameworks */,
				564191F01C0AFBBE00B390D6 /* SystemConfiguration.framework in Frameworks */,
				564191EA1C0AFB2100B390D6 /* Parse.framework in Frameworks */,
			);
			runOnlyForDeploymentPostprocessing = 0;
		};
		564191C91C0AFA9800B390D6 /* Frameworks */ = {
			isa = PBXFrameworksBuildPhase;
			buildActionMask = 2147483647;
			files = (
			);
			runOnlyForDeploymentPostprocessing = 0;
		};
		564191D41C0AFA9800B390D6 /* Frameworks */ = {
			isa = PBXFrameworksBuildPhase;
			buildActionMask = 2147483647;
			files = (
			);
			runOnlyForDeploymentPostprocessing = 0;
		};
/* End PBXFrameworksBuildPhase section */

/* Begin PBXGroup section */
		564191AC1C0AFA9800B390D6 = {
			isa = PBXGroup;
			children = (
				564192031C0AFC3600B390D6 /* frameworks */,
				564191B71C0AFA9800B390D6 /* WannafixDemo */,
				564191CF1C0AFA9800B390D6 /* WannafixDemoTests */,
				564191DA1C0AFA9800B390D6 /* WannafixDemoUITests */,
				564191B61C0AFA9800B390D6 /* Products */,
				564191EB1C0AFB4800B390D6 /* WannafixDemo-Bridging-Header.h */,
			);
			sourceTree = "<group>";
		};
		564191B61C0AFA9800B390D6 /* Products */ = {
			isa = PBXGroup;
			children = (
				564191B51C0AFA9800B390D6 /* WannafixDemo.app */,
				564191CC1C0AFA9800B390D6 /* WannafixDemoTests.xctest */,
				564191D71C0AFA9800B390D6 /* WannafixDemoUITests.xctest */,
			);
			name = Products;
			sourceTree = "<group>";
		};
		564191B71C0AFA9800B390D6 /* WannafixDemo */ = {
			isa = PBXGroup;
			children = (
				5641920B1C0AFC9400B390D6 /* UserModelManager.swift */,
				564192211C0B002400B390D6 /* TableViewCell */,
				564192201C0B000500B390D6 /* ViewControllers */,
				5641921F1C0AFFEA00B390D6 /* Operations */,
				564191B81C0AFA9800B390D6 /* AppDelegate.swift */,
				5641921C1C0AFCE800B390D6 /* Main.storyboard */,
				564191C21C0AFA9800B390D6 /* Assets.xcassets */,
				564191C41C0AFA9800B390D6 /* LaunchScreen.storyboard */,
				564191C71C0AFA9800B390D6 /* Info.plist */,
				564191BF1C0AFA9800B390D6 /* WannafixDemo.xcdatamodeld */,
			);
			path = WannafixDemo;
			sourceTree = "<group>";
		};
		564191CF1C0AFA9800B390D6 /* WannafixDemoTests */ = {
			isa = PBXGroup;
			children = (
				564191D01C0AFA9800B390D6 /* WannafixDemoTests.swift */,
				564191D21C0AFA9800B390D6 /* Info.plist */,
			);
			path = WannafixDemoTests;
			sourceTree = "<group>";
		};
		564191DA1C0AFA9800B390D6 /* WannafixDemoUITests */ = {
			isa = PBXGroup;
			children = (
				564191DB1C0AFA9800B390D6 /* WannafixDemoUITests.swift */,
				564191DD1C0AFA9800B390D6 /* Info.plist */,
			);
			path = WannafixDemoUITests;
			sourceTree = "<group>";
		};
		564192031C0AFC3600B390D6 /* frameworks */ = {
			isa = PBXGroup;
			children = (
				564192011C0AFC1000B390D6 /* AudioToolbox.framework */,
				564191FF1C0AFC0800B390D6 /* CFNetwork.framework */,
				564191FD1C0AFBFF00B390D6 /* CoreGraphics.framework */,
				564191FB1C0AFBF800B390D6 /* CoreLocation.framework */,
				564191F91C0AFBEF00B390D6 /* libz.tbd */,
				564191E91C0AFB2100B390D6 /* Parse.framework */,
				564191F71C0AFBE200B390D6 /* MobileCoreServices.framework */,
				564191F51C0AFBD600B390D6 /* QuartzCore.framework */,
				564191F31C0AFBCE00B390D6 /* Security.framework */,
				564191F11C0AFBC700B390D6 /* StoreKit.framework */,
				564191EF1C0AFBBE00B390D6 /* SystemConfiguration.framework */,
			);
			name = frameworks;
			sourceTree = "<group>";
		};
		5641921F1C0AFFEA00B390D6 /* Operations */ = {
			isa = PBXGroup;
			children = (
				5641920A1C0AFC9400B390D6 /* Operation.swift */,
				564192081C0AFC9400B390D6 /* LoginOperation.swift */,
				564192041C0AFC9400B390D6 /* GetUserItemsOperation.swift */,
				564192051C0AFC9400B390D6 /* ItemsFetchOperation.swift */,
			);
			name = Operations;
			sourceTree = "<group>";
		};
		564192201C0B000500B390D6 /* ViewControllers */ = {
			isa = PBXGroup;
			children = (
				564192061C0AFC9400B390D6 /* ItemsViewController.swift */,
				564192091C0AFC9400B390D6 /* LoginViewController.swift */,
			);
			name = ViewControllers;
			sourceTree = "<group>";
		};
		564192211C0B002400B390D6 /* TableViewCell */ = {
			isa = PBXGroup;
			children = (
				564192071C0AFC9400B390D6 /* ItemTableViewCell.swift */,
			);
			name = TableViewCell;
			sourceTree = "<group>";
		};
/* End PBXGroup section */

/* Begin PBXNativeTarget section */
		564191B41C0AFA9800B390D6 /* WannafixDemo */ = {
			isa = PBXNativeTarget;
			buildConfigurationList = 564191E01C0AFA9800B390D6 /* Build configuration list for PBXNativeTarget "WannafixDemo" */;
			buildPhases = (
				564191B11C0AFA9800B390D6 /* Sources */,
				564191B21C0AFA9800B390D6 /* Frameworks */,
				564191B31C0AFA9800B390D6 /* Resources */,
			);
			buildRules = (
			);
			dependencies = (
			);
			name = WannafixDemo;
			productName = WannafixDemo;
			productReference = 564191B51C0AFA9800B390D6 /* WannafixDemo.app */;
			productType = "com.apple.product-type.application";
		};
		564191CB1C0AFA9800B390D6 /* WannafixDemoTests */ = {
			isa = PBXNativeTarget;
			buildConfigurationList = 564191E31C0AFA9800B390D6 /* Build configuration list for PBXNativeTarget "WannafixDemoTests" */;
			buildPhases = (
				564191C81C0AFA9800B390D6 /* Sources */,
				564191C91C0AFA9800B390D6 /* Frameworks */,
				564191CA1C0AFA9800B390D6 /* Resources */,
			);
			buildRules = (
			);
			dependencies = (
				564191CE1C0AFA9800B390D6 /* PBXTargetDependency */,
			);
			name = WannafixDemoTests;
			productName = WannafixDemoTests;
			productReference = 564191CC1C0AFA9800B390D6 /* WannafixDemoTests.xctest */;
			productType = "com.apple.product-type.bundle.unit-test";
		};
		564191D61C0AFA9800B390D6 /* WannafixDemoUITests */ = {
			isa = PBXNativeTarget;
			buildConfigurationList = 564191E61C0AFA9800B390D6 /* Build configuration list for PBXNativeTarget "WannafixDemoUITests" */;
			buildPhases = (
				564191D31C0AFA9800B390D6 /* Sources */,
				564191D41C0AFA9800B390D6 /* Frameworks */,
				564191D51C0AFA9800B390D6 /* Resources */,
			);
			buildRules = (
			);
			dependencies = (
				564191D91C0AFA9800B390D6 /* PBXTargetDependency */,
			);
			name = WannafixDemoUITests;
			productName = WannafixDemoUITests;
			productReference = 564191D71C0AFA9800B390D6 /* WannafixDemoUITests.xctest */;
			productType = "com.apple.product-type.bundle.ui-testing";
		};
/* End PBXNativeTarget section */

/* Begin PBXProject section */
		564191AD1C0AFA9800B390D6 /* Project object */ = {
			isa = PBXProject;
			attributes = {
				LastSwiftUpdateCheck = 0710;
				LastUpgradeCheck = 0710;
				ORGANIZATIONNAME = Team84;
				TargetAttributes = {
					564191B41C0AFA9800B390D6 = {
						CreatedOnToolsVersion = 7.1.1;
					};
					564191CB1C0AFA9800B390D6 = {
						CreatedOnToolsVersion = 7.1.1;
						TestTargetID = 564191B41C0AFA9800B390D6;
					};
					564191D61C0AFA9800B390D6 = {
						CreatedOnToolsVersion = 7.1.1;
						TestTargetID = 564191B41C0AFA9800B390D6;
					};
				};
			};
			buildConfigurationList = 564191B01C0AFA9800B390D6 /* Build configuration list for PBXProject "WannafixDemo" */;
			compatibilityVersion = "Xcode 3.2";
			developmentRegion = English;
			hasScannedForEncodings = 0;
			knownRegions = (
				en,
				Base,
			);
			mainGroup = 564191AC1C0AFA9800B390D6;
			productRefGroup = 564191B61C0AFA9800B390D6 /* Products */;
			projectDirPath = "";
			projectRoot = "";
			targets = (
				564191B41C0AFA9800B390D6 /* WannafixDemo */,
				564191CB1C0AFA9800B390D6 /* WannafixDemoTests */,
				564191D61C0AFA9800B390D6 /* WannafixDemoUITests */,
			);
		};
/* End PBXProject section */

/* Begin PBXResourcesBuildPhase section */
		564191B31C0AFA9800B390D6 /* Resources */ = {
			isa = PBXResourcesBuildPhase;
			buildActionMask = 2147483647;
			files = (
				5641921D1C0AFCE800B390D6 /* Main.storyboard in Resources */,
				564191C61C0AFA9800B390D6 /* LaunchScreen.storyboard in Resources */,
				564191C31C0AFA9800B390D6 /* Assets.xcassets in Resources */,
			);
			runOnlyForDeploymentPostprocessing = 0;
		};
		564191CA1C0AFA9800B390D6 /* Resources */ = {
			isa = PBXResourcesBuildPhase;
			buildActionMask = 2147483647;
			files = (
				5641921E1C0AFCE800B390D6 /* Main.storyboard in Resources */,
			);
			runOnlyForDeploymentPostprocessing = 0;
		};
		564191D51C0AFA9800B390D6 /* Resources */ = {
			isa = PBXResourcesBuildPhase;
			buildActionMask = 2147483647;
			files = (
			);
			runOnlyForDeploymentPostprocessing = 0;
		};
/* End PBXResourcesBuildPhase section */

/* Begin PBXSourcesBuildPhase section */
		564191B11C0AFA9800B390D6 /* Sources */ = {
			isa = PBXSourcesBuildPhase;
			buildActionMask = 2147483647;
			files = (
				564192161C0AFC9400B390D6 /* LoginViewController.swift in Sources */,
				5641920E1C0AFC9400B390D6 /* ItemsFetchOperation.swift in Sources */,
				564192141C0AFC9400B390D6 /* LoginOperation.swift in Sources */,
				564192181C0AFC9400B390D6 /* Operation.swift in Sources */,
				564192101C0AFC9400B390D6 /* ItemsViewController.swift in Sources */,
				5641921A1C0AFC9400B390D6 /* UserModelManager.swift in Sources */,
				5641920C1C0AFC9400B390D6 /* GetUserItemsOperation.swift in Sources */,
				564191C11C0AFA9800B390D6 /* WannafixDemo.xcdatamodeld in Sources */,
				564192121C0AFC9400B390D6 /* ItemTableViewCell.swift in Sources */,
				564191B91C0AFA9800B390D6 /* AppDelegate.swift in Sources */,
			);
			runOnlyForDeploymentPostprocessing = 0;
		};
		564191C81C0AFA9800B390D6 /* Sources */ = {
			isa = PBXSourcesBuildPhase;
			buildActionMask = 2147483647;
			files = (
				564192171C0AFC9400B390D6 /* LoginViewController.swift in Sources */,
				5641920D1C0AFC9400B390D6 /* GetUserItemsOperation.swift in Sources */,
				564192151C0AFC9400B390D6 /* LoginOperation.swift in Sources */,
				564192191C0AFC9400B390D6 /* Operation.swift in Sources */,
				564192111C0AFC9400B390D6 /* ItemsViewController.swift in Sources */,
				564192131C0AFC9400B390D6 /* ItemTableViewCell.swift in Sources */,
				5641921B1C0AFC9400B390D6 /* UserModelManager.swift in Sources */,
				5641920F1C0AFC9400B390D6 /* ItemsFetchOperation.swift in Sources */,
				564191D11C0AFA9800B390D6 /* WannafixDemoTests.swift in Sources */,
			);
			runOnlyForDeploymentPostprocessing = 0;
		};
		564191D31C0AFA9800B390D6 /* Sources */ = {
			isa = PBXSourcesBuildPhase;
			buildActionMask = 2147483647;
			files = (
				564191DC1C0AFA9800B390D6 /* WannafixDemoUITests.swift in Sources */,
			);
			runOnlyForDeploymentPostprocessing = 0;
		};
/* End PBXSourcesBuildPhase section */

/* Begin PBXTargetDependency section */
		564191CE1C0AFA9800B390D6 /* PBXTargetDependency */ = {
			isa = PBXTargetDependency;
			target = 564191B41C0AFA9800B390D6 /* WannafixDemo */;
			targetProxy = 564191CD1C0AFA9800B390D6 /* PBXContainerItemProxy */;
		};
		564191D91C0AFA9800B390D6 /* PBXTargetDependency */ = {
			isa = PBXTargetDependency;
			target = 564191B41C0AFA9800B390D6 /* WannafixDemo */;
			targetProxy = 564191D81C0AFA9800B390D6 /* PBXContainerItemProxy */;
		};
/* End PBXTargetDependency section */

/* Begin PBXVariantGroup section */
		564191C41C0AFA9800B390D6 /* LaunchScreen.storyboard */ = {
			isa = PBXVariantGroup;
			children = (
				564191C51C0AFA9800B390D6 /* Base */,
			);
			name = LaunchScreen.storyboard;
			sourceTree = "<group>";
		};
/* End PBXVariantGroup section */

/* Begin XCBuildConfiguration section */
		564191DE1C0AFA9800B390D6 /* Debug */ = {
			isa = XCBuildConfiguration;
			buildSettings = {
				ALWAYS_SEARCH_USER_PATHS = NO;
				CLANG_CXX_LANGUAGE_STANDARD = "gnu++0x";
				CLANG_CXX_LIBRARY = "libc++";
				CLANG_ENABLE_MODULES = YES;
				CLANG_ENABLE_OBJC_ARC = YES;
				CLANG_WARN_BOOL_CONVERSION = YES;
				CLANG_WARN_CONSTANT_CONVERSION = YES;
				CLANG_WARN_DIRECT_OBJC_ISA_USAGE = YES_ERROR;
				CLANG_WARN_EMPTY_BODY = YES;
				CLANG_WARN_ENUM_CONVERSION = YES;
				CLANG_WARN_INT_CONVERSION = YES;
				CLANG_WARN_OBJC_ROOT_CLASS = YES_ERROR;
				CLANG_WARN_UNREACHABLE_CODE = YES;
				CLANG_WARN__DUPLICATE_METHOD_MATCH = YES;
				"CODE_SIGN_IDENTITY[sdk=iphoneos*]" = "iPhone Developer";
				COPY_PHASE_STRIP = NO;
				DEBUG_INFORMATION_FORMAT = dwarf;
				ENABLE_STRICT_OBJC_MSGSEND = YES;
				ENABLE_TESTABILITY = YES;
				GCC_C_LANGUAGE_STANDARD = gnu99;
				GCC_DYNAMIC_NO_PIC = NO;
				GCC_NO_COMMON_BLOCKS = YES;
				GCC_OPTIMIZATION_LEVEL = 0;
				GCC_PREPROCESSOR_DEFINITIONS = (
					"DEBUG=1",
					"$(inherited)",
				);
				GCC_WARN_64_TO_32_BIT_CONVERSION = YES;
				GCC_WARN_ABOUT_RETURN_TYPE = YES_ERROR;
				GCC_WARN_UNDECLARED_SELECTOR = YES;
				GCC_WARN_UNINITIALIZED_AUTOS = YES_AGGRESSIVE;
				GCC_WARN_UNUSED_FUNCTION = YES;
				GCC_WARN_UNUSED_VARIABLE = YES;
				IPHONEOS_DEPLOYMENT_TARGET = 9.1;
				MTL_ENABLE_DEBUG_INFO = YES;
				ONLY_ACTIVE_ARCH = YES;
				SDKROOT = iphoneos;
				SWIFT_OPTIMIZATION_LEVEL = "-Onone";
				TARGETED_DEVICE_FAMILY = "1,2";
			};
			name = Debug;
		};
		564191DF1C0AFA9800B390D6 /* Release */ = {
			isa = XCBuildConfiguration;
			buildSettings = {
				ALWAYS_SEARCH_USER_PATHS = NO;
				CLANG_CXX_LANGUAGE_STANDARD = "gnu++0x";
				CLANG_CXX_LIBRARY = "libc++";
				CLANG_ENABLE_MODULES = YES;
				CLANG_ENABLE_OBJC_ARC = YES;
				CLANG_WARN_BOOL_CONVERSION = YES;
				CLANG_WARN_CONSTANT_CONVERSION = YES;
				CLANG_WARN_DIRECT_OBJC_ISA_USAGE = YES_ERROR;
				CLANG_WARN_EMPTY_BODY = YES;
				CLANG_WARN_ENUM_CONVERSION = YES;
				CLANG_WARN_INT_CONVERSION = YES;
				CLANG_WARN_OBJC_ROOT_CLASS = YES_ERROR;
				CLANG_WARN_UNREACHABLE_CODE = YES;
				CLANG_WARN__DUPLICATE_METHOD_MATCH = YES;
				"CODE_SIGN_IDENTITY[sdk=iphoneos*]" = "iPhone Developer";
				COPY_PHASE_STRIP = NO;
				DEBUG_INFORMATION_FORMAT = "dwarf-with-dsym";
				ENABLE_NS_ASSERTIONS = NO;
				ENABLE_STRICT_OBJC_MSGSEND = YES;
				GCC_C_LANGUAGE_STANDARD = gnu99;
				GCC_NO_COMMON_BLOCKS = YES;
				GCC_WARN_64_TO_32_BIT_CONVERSION = YES;
				GCC_WARN_ABOUT_RETURN_TYPE = YES_ERROR;
				GCC_WARN_UNDECLARED_SELECTOR = YES;
				GCC_WARN_UNINITIALIZED_AUTOS = YES_AGGRESSIVE;
				GCC_WARN_UNUSED_FUNCTION = YES;
				GCC_WARN_UNUSED_VARIABLE = YES;
				IPHONEOS_DEPLOYMENT_TARGET = 9.1;
				MTL_ENABLE_DEBUG_INFO = NO;
				SDKROOT = iphoneos;
				TARGETED_DEVICE_FAMILY = "1,2";
				VALIDATE_PRODUCT = YES;
			};
			name = Release;
		};
		564191E11C0AFA9800B390D6 /* Debug */ = {
			isa = XCBuildConfiguration;
			buildSettings = {
				ASSETCATALOG_COMPILER_APPICON_NAME = AppIcon;
				CLANG_ENABLE_MODULES = YES;
				FRAMEWORK_SEARCH_PATHS = (
					"$(inherited)",
					"$(PROJECT_DIR)/WannafixDemo",
				);
				INFOPLIST_FILE = WannafixDemo/Info.plist;
				LD_RUNPATH_SEARCH_PATHS = "$(inherited) @executable_path/Frameworks";
				PRODUCT_BUNDLE_IDENTIFIER = Team84.WannafixDemo;
				PRODUCT_NAME = "$(TARGET_NAME)";
				SWIFT_OBJC_BRIDGING_HEADER = "WannafixDemo-Bridging-Header.h";
				SWIFT_OPTIMIZATION_LEVEL = "-Onone";
			};
			name = Debug;
		};
		564191E21C0AFA9800B390D6 /* Release */ = {
			isa = XCBuildConfiguration;
			buildSettings = {
				ASSETCATALOG_COMPILER_APPICON_NAME = AppIcon;
				CLANG_ENABLE_MODULES = YES;
				FRAMEWORK_SEARCH_PATHS = (
					"$(inherited)",
					"$(PROJECT_DIR)/WannafixDemo",
				);
				INFOPLIST_FILE = WannafixDemo/Info.plist;
				LD_RUNPATH_SEARCH_PATHS = "$(inherited) @executable_path/Frameworks";
				PRODUCT_BUNDLE_IDENTIFIER = Team84.WannafixDemo;
				PRODUCT_NAME = "$(TARGET_NAME)";
				SWIFT_OBJC_BRIDGING_HEADER = "WannafixDemo-Bridging-Header.h";
			};
			name = Release;
		};
		564191E41C0AFA9800B390D6 /* Debug */ = {
			isa = XCBuildConfiguration;
			buildSettings = {
				BUNDLE_LOADER = "$(TEST_HOST)";
				INFOPLIST_FILE = WannafixDemoTests/Info.plist;
				LD_RUNPATH_SEARCH_PATHS = "$(inherited) @executable_path/Frameworks @loader_path/Frameworks";
				PRODUCT_BUNDLE_IDENTIFIER = Team84.WannafixDemoTests;
				PRODUCT_NAME = "$(TARGET_NAME)";
				TEST_HOST = "$(BUILT_PRODUCTS_DIR)/WannafixDemo.app/WannafixDemo";
			};
			name = Debug;
		};
		564191E51C0AFA9800B390D6 /* Release */ = {
			isa = XCBuildConfiguration;
			buildSettings = {
				BUNDLE_LOADER = "$(TEST_HOST)";
				INFOPLIST_FILE = WannafixDemoTests/Info.plist;
				LD_RUNPATH_SEARCH_PATHS = "$(inherited) @executable_path/Frameworks @loader_path/Frameworks";
				PRODUCT_BUNDLE_IDENTIFIER = Team84.WannafixDemoTests;
				PRODUCT_NAME = "$(TARGET_NAME)";
				TEST_HOST = "$(BUILT_PRODUCTS_DIR)/WannafixDemo.app/WannafixDemo";
			};
			name = Release;
		};
		564191E71C0AFA9800B390D6 /* Debug */ = {
			isa = XCBuildConfiguration;
			buildSettings = {
				INFOPLIST_FILE = WannafixDemoUITests/Info.plist;
				LD_RUNPATH_SEARCH_PATHS = "$(inherited) @executable_path/Frameworks @loader_path/Frameworks";
				PRODUCT_BUNDLE_IDENTIFIER = Team84.WannafixDemoUITests;
				PRODUCT_NAME = "$(TARGET_NAME)";
				TEST_TARGET_NAME = WannafixDemo;
				USES_XCTRUNNER = YES;
			};
			name = Debug;
		};
		564191E81C0AFA9800B390D6 /* Release */ = {
			isa = XCBuildConfiguration;
			buildSettings = {
				INFOPLIST_FILE = WannafixDemoUITests/Info.plist;
				LD_RUNPATH_SEARCH_PATHS = "$(inherited) @executable_path/Frameworks @loader_path/Frameworks";
				PRODUCT_BUNDLE_IDENTIFIER = Team84.WannafixDemoUITests;
				PRODUCT_NAME = "$(TARGET_NAME)";
				TEST_TARGET_NAME = WannafixDemo;
				USES_XCTRUNNER = YES;
			};
			name = Release;
		};
/* End XCBuildConfiguration section */

/* Begin XCConfigurationList section */
		564191B01C0AFA9800B390D6 /* Build configuration list for PBXProject "WannafixDemo" */ = {
			isa = XCConfigurationList;
			buildConfigurations = (
				564191DE1C0AFA9800B390D6 /* Debug */,
				564191DF1C0AFA9800B390D6 /* Release */,
			);
			defaultConfigurationIsVisible = 0;
			defaultConfigurationName = Release;
		};
		564191E01C0AFA9800B390D6 /* Build configuration list for PBXNativeTarget "WannafixDemo" */ = {
			isa = XCConfigurationList;
			buildConfigurations = (
				564191E11C0AFA9800B390D6 /* Debug */,
				564191E21C0AFA9800B390D6 /* Release */,
			);
			defaultConfigurationIsVisible = 0;
		};
		564191E31C0AFA9800B390D6 /* Build configuration list for PBXNativeTarget "WannafixDemoTests" */ = {
			isa = XCConfigurationList;
			buildConfigurations = (
				564191E41C0AFA9800B390D6 /* Debug */,
				564191E51C0AFA9800B390D6 /* Release */,
			);
			defaultConfigurationIsVisible = 0;
		};
		564191E61C0AFA9800B390D6 /* Build configuration list for PBXNativeTarget "WannafixDemoUITests" */ = {
			isa = XCConfigurationList;
			buildConfigurations = (
				564191E71C0AFA9800B390D6 /* Debug */,
				564191E81C0AFA9800B390D6 /* Release */,
			);
			defaultConfigurationIsVisible = 0;
		};
/* End XCConfigurationList section */

/* Begin XCVersionGroup section */
		564191BF1C0AFA9800B390D6 /* WannafixDemo.xcdatamodeld */ = {
			isa = XCVersionGroup;
			children = (
				564191C01C0AFA9800B390D6 /* WannafixDemo.xcdatamodel */,
			);
			currentVersion = 564191C01C0AFA9800B390D6 /* WannafixDemo.xcdatamodel */;
			path = WannafixDemo.xcdatamodeld;
			sourceTree = "<group>";
			versionGroupType = wrapper.xcdatamodel;
		};
/* End XCVersionGroup section */
	};
	rootObject = 564191AD1C0AFA9800B390D6 /* Project object */;
}
